// !$*UTF8*$!
{
	archiveVersion = 1;
	classes = {
	};
	objectVersion = 48;
	objects = {

/* Begin PBXBuildFile section */
		FA95F2FF1FC7B49100EB76FB /* AppDelegate.swift in Sources */ = {isa = PBXBuildFile; fileRef = FA95F2FE1FC7B49100EB76FB /* AppDelegate.swift */; };
		FA95F3011FC7B49100EB76FB /* ViewController.swift in Sources */ = {isa = PBXBuildFile; fileRef = FA95F3001FC7B49100EB76FB /* ViewController.swift */; };
		FA95F3041FC7B49100EB76FB /* Main.storyboard in Resources */ = {isa = PBXBuildFile; fileRef = FA95F3021FC7B49100EB76FB /* Main.storyboard */; };
		FA95F3061FC7B49100EB76FB /* Assets.xcassets in Resources */ = {isa = PBXBuildFile; fileRef = FA95F3051FC7B49100EB76FB /* Assets.xcassets */; };
		FA95F3091FC7B49100EB76FB /* LaunchScreen.storyboard in Resources */ = {isa = PBXBuildFile; fileRef = FA95F3071FC7B49100EB76FB /* LaunchScreen.storyboard */; };
		FA95F3111FC7B4A800EB76FB /* toast.xib in Resources */ = {isa = PBXBuildFile; fileRef = FA95F3101FC7B4A800EB76FB /* toast.xib */; };
		FA95F3131FC7C0DB00EB76FB /* ToastView.swift in Sources */ = {isa = PBXBuildFile; fileRef = FA95F3121FC7C0DB00EB76FB /* ToastView.swift */; };
/* End PBXBuildFile section */

/* Begin PBXFileReference section */
		FA95F2FB1FC7B49100EB76FB /* toastTest.app */ = {isa = PBXFileReference; explicitFileType = wrapper.application; includeInIndex = 0; path = toastTest.app; sourceTree = BUILT_PRODUCTS_DIR; };
		FA95F2FE1FC7B49100EB76FB /* AppDelegate.swift */ = {isa = PBXFileReference; lastKnownFileType = sourcecode.swift; path = AppDelegate.swift; sourceTree = "<group>"; };
		FA95F3001FC7B49100EB76FB /* ViewController.swift */ = {isa = PBXFileReference; lastKnownFileType = sourcecode.swift; path = ViewController.swift; sourceTree = "<group>"; };
		FA95F3031FC7B49100EB76FB /* Base */ = {isa = PBXFileReference; lastKnownFileType = file.storyboard; name = Base; path = Base.lproj/Main.storyboard; sourceTree = "<group>"; };
		FA95F3051FC7B49100EB76FB /* Assets.xcassets */ = {isa = PBXFileReference; lastKnownFileType = folder.assetcatalog; path = Assets.xcassets; sourceTree = "<group>"; };
		FA95F3081FC7B49100EB76FB /* Base */ = {isa = PBXFileReference; lastKnownFileType = file.storyboard; name = Base; path = Base.lproj/LaunchScreen.storyboard; sourceTree = "<group>"; };
		FA95F30A1FC7B49100EB76FB /* Info.plist */ = {isa = PBXFileReference; lastKnownFileType = text.plist.xml; path = Info.plist; sourceTree = "<group>"; };
		FA95F3101FC7B4A800EB76FB /* toast.xib */ = {isa = PBXFileReference; lastKnownFileType = file.xib; path = toast.xib; sourceTree = "<group>"; };
		FA95F3121FC7C0DB00EB76FB /* ToastView.swift */ = {isa = PBXFileReference; lastKnownFileType = sourcecode.swift; path = ToastView.swift; sourceTree = "<group>"; };
/* End PBXFileReference section */

/* Begin PBXFrameworksBuildPhase section */
		FA95F2F81FC7B49100EB76FB /* Frameworks */ = {
			isa = PBXFrameworksBuildPhase;
			buildActionMask = 2147483647;
			files = (
			);
			runOnlyForDeploymentPostprocessing = 0;
		};
/* End PBXFrameworksBuildPhase section */

/* Begin PBXGroup section */
		FA95F2F21FC7B49100EB76FB = {
			isa = PBXGroup;
			children = (
				FA95F2FD1FC7B49100EB76FB /* toastTest */,
				FA95F2FC1FC7B49100EB76FB /* Products */,
			);
			sourceTree = "<group>";
		};
		FA95F2FC1FC7B49100EB76FB /* Products */ = {
			isa = PBXGroup;
			children = (
				FA95F2FB1FC7B49100EB76FB /* toastTest.app */,
			);
			name = Products;
			sourceTree = "<group>";
		};
		FA95F2FD1FC7B49100EB76FB /* toastTest */ = {
			isa = PBXGroup;
			children = (
				FA95F2FE1FC7B49100EB76FB /* AppDelegate.swift */,
				FA95F3001FC7B49100EB76FB /* ViewController.swift */,
				FA95F3021FC7B49100EB76FB /* Main.storyboard */,
				FA95F3101FC7B4A800EB76FB /* toast.xib */,
				FA95F3051FC7B49100EB76FB /* Assets.xcassets */,
				FA95F3071FC7B49100EB76FB /* LaunchScreen.storyboard */,
				FA95F30A1FC7B49100EB76FB /* Info.plist */,
				FA95F3121FC7C0DB00EB76FB /* ToastView.swift */,
			);
			path = toastTest;
			sourceTree = "<group>";
		};
/* End PBXGroup section */

/* Begin PBXNativeTarget section */
		FA95F2FA1FC7B49100EB76FB /* toastTest */ = {
			isa = PBXNativeTarget;
			buildConfigurationList = FA95F30D1FC7B49100EB76FB /* Build configuration list for PBXNativeTarget "toastTest" */;
			buildPhases = (
				FA95F2F71FC7B49100EB76FB /* Sources */,
				FA95F2F81FC7B49100EB76FB /* Frameworks */,
				FA95F2F91FC7B49100EB76FB /* Resources */,
			);
			buildRules = (
			);
			dependencies = (
			);
			name = toastTest;
			productName = toastTest;
			productReference = FA95F2FB1FC7B49100EB76FB /* toastTest.app */;
			productType = "com.apple.product-type.application";
		};
/* End PBXNativeTarget section */

/* Begin PBXProject section */
		FA95F2F31FC7B49100EB76FB /* Project object */ = {
			isa = PBXProject;
			attributes = {
				LastSwiftUpdateCheck = 0910;
				LastUpgradeCheck = 0910;
				ORGANIZATIONNAME = KoichiroOishi;
				TargetAttributes = {
					FA95F2FA1FC7B49100EB76FB = {
						CreatedOnToolsVersion = 9.1;
						ProvisioningStyle = Manual;
					};
				};
			};
			buildConfigurationList = FA95F2F61FC7B49100EB76FB /* Build configuration list for PBXProject "toastTest" */;
			compatibilityVersion = "Xcode 8.0";
			developmentRegion = en;
			hasScannedForEncodings = 0;
			knownRegions = (
				en,
				Base,
			);
			mainGroup = FA95F2F21FC7B49100EB76FB;
			productRefGroup = FA95F2FC1FC7B49100EB76FB /* Products */;
			projectDirPath = "";
			projectRoot = "";
			targets = (
				FA95F2FA1FC7B49100EB76FB /* toastTest */,
			);
		};
/* End PBXProject section */

/* Begin PBXResourcesBuildPhase section */
		FA95F2F91FC7B49100EB76FB /* Resources */ = {
			isa = PBXResourcesBuildPhase;
			buildActionMask = 2147483647;
			files = (
				FA95F3091FC7B49100EB76FB /* LaunchScreen.storyboard in Resources */,
				FA95F3111FC7B4A800EB76FB /* toast.xib in Resources */,
				FA95F3061FC7B49100EB76FB /* Assets.xcassets in Resources */,
				FA95F3041FC7B49100EB76FB /* Main.storyboard in Resources */,
			);
			runOnlyForDeploymentPostprocessing = 0;
		};
/* End PBXResourcesBuildPhase section */

/* Begin PBXSourcesBuildPhase section */
		FA95F2F71FC7B49100EB76FB /* Sources */ = {
			isa = PBXSourcesBuildPhase;
			buildActionMask = 2147483647;
			files = (
				FA95F3011FC7B49100EB76FB /* ViewController.swift in Sources */,
				FA95F3131FC7C0DB00EB76FB /* ToastView.swift in Sources */,
				FA95F2FF1FC7B49100EB76FB /* AppDelegate.swift in Sources */,
			);
			runOnlyForDeploymentPostprocessing = 0;
		};
/* End PBXSourcesBuildPhase section */

/* Begin PBXVariantGroup section */
		FA95F3021FC7B49100EB76FB /* Main.storyboard */ = {
			isa = PBXVariantGroup;
			children = (
				FA95F3031FC7B49100EB76FB /* Base */,
			);
			name = Main.storyboard;
			sourceTree = "<group>";
		};
		FA95F3071FC7B49100EB76FB /* LaunchScreen.storyboard */ = {
			isa = PBXVariantGroup;
			children = (
				FA95F3081FC7B49100EB76FB /* Base */,
			);
			name = LaunchScreen.storyboard;
			sourceTree = "<group>";
		};
/* End PBXVariantGroup section */

/* Begin XCBuildConfiguration section */
		FA95F30B1FC7B49100EB76FB /* Debug */ = {
			isa = XCBuildConfiguration;
			buildSettings = {
				ALWAYS_SEARCH_USER_PATHS = NO;
				CLANG_ANALYZER_NONNULL = YES;
				CLANG_ANALYZER_NUMBER_OBJECT_CONVERSION = YES_AGGRESSIVE;
				CLANG_CXX_LANGUAGE_STANDARD = "gnu++14";
				CLANG_CXX_LIBRARY = "libc++";
				CLANG_ENABLE_MODULES = YES;
				CLANG_ENABLE_OBJC_ARC = YES;
				CLANG_WARN_BLOCK_CAPTURE_AUTORELEASING = YES;
				CLANG_WARN_BOOL_CONVERSION = YES;
				CLANG_WARN_COMMA = YES;
				CLANG_WARN_CONSTANT_CONVERSION = YES;
				CLANG_WARN_DIRECT_OBJC_ISA_USAGE = YES_ERROR;
				CLANG_WARN_DOCUMENTATION_COMMENTS = YES;
				CLANG_WARN_EMPTY_BODY = YES;
				CLANG_WARN_ENUM_CONVERSION = YES;
				CLANG_WARN_INFINITE_RECURSION = YES;
				CLANG_WARN_INT_CONVERSION = YES;
				CLANG_WARN_NON_LITERAL_NULL_CONVERSION = YES;
				CLANG_WARN_OBJC_LITERAL_CONVERSION = YES;
				CLANG_WARN_OBJC_ROOT_CLASS = YES_ERROR;
				CLANG_WARN_RANGE_LOOP_ANALYSIS = YES;
				CLANG_WARN_STRICT_PROTOTYPES = YES;
				CLANG_WARN_SUSPICIOUS_MOVE = YES;
				CLANG_WARN_UNGUARDED_AVAILABILITY = YES_AGGRESSIVE;
				CLANG_WARN_UNREACHABLE_CODE = YES;
				CLANG_WARN__DUPLICATE_METHOD_MATCH = YES;
				CODE_SIGN_IDENTITY = "iPhone Developer";
				COPY_PHASE_STRIP = NO;
				DEBUG_INFORMATION_FORMAT = dwarf;
				ENABLE_STRICT_OBJC_MSGSEND = YES;
				ENABLE_TESTABILITY = YES;
				GCC_C_LANGUAGE_STANDARD = gnu11;
				GCC_DYNAMIC_NO_PIC = NO;
				GCC_NO_COMMON_BLOCKS = YES;
				GCC_OPTIMIZATION_LEVEL = 0;
				GCC_PREPROCESSOR_DEFINITIONS = (
					"DEBUG=1",
					"$(inherited)",
				);
				GCC_WARN_64_TO_32_BIT_CONVERSION = YES;
				GCC_WARN_ABOUT_RETURN_TYPE = YES_ERROR;
				GCC_WARN_UNDECLARED_SELECTOR = YES;
				GCC_WARN_UNINITIALIZED_AUTOS = YES_AGGRESSIVE;
				GCC_WARN_UNUSED_FUNCTION = YES;
				GCC_WARN_UNUSED_VARIABLE = YES;
				IPHONEOS_DEPLOYMENT_TARGET = 11.1;
				MTL_ENABLE_DEBUG_INFO = YES;
				ONLY_ACTIVE_ARCH = YES;
				SDKROOT = iphoneos;
				SWIFT_ACTIVE_COMPILATION_CONDITIONS = DEBUG;
				SWIFT_OPTIMIZATION_LEVEL = "-Onone";
			};
			name = Debug;
		};
		FA95F30C1FC7B49100EB76FB /* Release */ = {
			isa = XCBuildConfiguration;
			buildSettings = {
				ALWAYS_SEARCH_USER_PATHS = NO;
				CLANG_ANALYZER_NONNULL = YES;
				CLANG_ANALYZER_NUMBER_OBJECT_CONVERSION = YES_AGGRESSIVE;
				CLANG_CXX_LANGUAGE_STANDARD = "gnu++14";
				CLANG_CXX_LIBRARY = "libc++";
				CLANG_ENABLE_MODULES = YES;
				CLANG_ENABLE_OBJC_ARC = YES;
				CLANG_WARN_BLOCK_CAPTURE_AUTORELEASING = YES;
				CLANG_WARN_BOOL_CONVERSION = YES;
				CLANG_WARN_COMMA = YES;
				CLANG_WARN_CONSTANT_CONVERSION = YES;
				CLANG_WARN_DIRECT_OBJC_ISA_USAGE = YES_ERROR;
				CLANG_WARN_DOCUMENTATION_COMMENTS = YES;
				CLANG_WARN_EMPTY_BODY = YES;
				CLANG_WARN_ENUM_CONVERSION = YES;
				CLANG_WARN_INFINITE_RECURSION = YES;
				CLANG_WARN_INT_CONVERSION = YES;
				CLANG_WARN_NON_LITERAL_NULL_CONVERSION = YES;
				CLANG_WARN_OBJC_LITERAL_CONVERSION = YES;
				CLANG_WARN_OBJC_ROOT_CLASS = YES_ERROR;
				CLANG_WARN_RANGE_LOOP_ANALYSIS = YES;
				CLANG_WARN_STRICT_PROTOTYPES = YES;
				CLANG_WARN_SUSPICIOUS_MOVE = YES;
				CLANG_WARN_UNGUARDED_AVAILABILITY = YES_AGGRESSIVE;
				CLANG_WARN_UNREACHABLE_CODE = YES;
				CLANG_WARN__DUPLICATE_METHOD_MATCH = YES;
				CODE_SIGN_IDENTITY = "iPhone Developer";
				COPY_PHASE_STRIP = NO;
				DEBUG_INFORMATION_FORMAT = "dwarf-with-dsym";
				ENABLE_NS_ASSERTIONS = NO;
				ENABLE_STRICT_OBJC_MSGSEND = YES;
				GCC_C_LANGUAGE_STANDARD = gnu11;
				GCC_NO_COMMON_BLOCKS = YES;
				GCC_WARN_64_TO_32_BIT_CONVERSION = YES;
				GCC_WARN_ABOUT_RETURN_TYPE = YES_ERROR;
				GCC_WARN_UNDECLARED_SELECTOR = YES;
				GCC_WARN_UNINITIALIZED_AUTOS = YES_AGGRESSIVE;
				GCC_WARN_UNUSED_FUNCTION = YES;
				GCC_WARN_UNUSED_VARIABLE = YES;
				IPHONEOS_DEPLOYMENT_TARGET = 11.1;
				MTL_ENABLE_DEBUG_INFO = NO;
				SDKROOT = iphoneos;
				SWIFT_OPTIMIZATION_LEVEL = "-Owholemodule";
				VALIDATE_PRODUCT = YES;
			};
			name = Release;
		};
		FA95F30E1FC7B49100EB76FB /* Debug */ = {
			isa = XCBuildConfiguration;
			buildSettings = {
				ASSETCATALOG_COMPILER_APPICON_NAME = AppIcon;
				CODE_SIGN_STYLE = Manual;
				DEVELOPMENT_TEAM = "";
				INFOPLIST_FILE = toastTest/Info.plist;
				LD_RUNPATH_SEARCH_PATHS = "$(inherited) @executable_path/Frameworks";
				PRODUCT_BUNDLE_IDENTIFIER = toastTest;
				PRODUCT_NAME = "$(TARGET_NAME)";
				PROVISIONING_PROFILE_SPECIFIER = "";
				SWIFT_VERSION = 4.0;
				TARGETED_DEVICE_FAMILY = "1,2";
			};
			name = Debug;
		};
		FA95F30F1FC7B49100EB76FB /* Release */ = {
			isa = XCBuildConfiguration;
			buildSettings = {
				ASSETCATALOG_COMPILER_APPICON_NAME = AppIcon;
				CODE_SIGN_STYLE = Manual;
				DEVELOPMENT_TEAM = "";
				INFOPLIST_FILE = toastTest/Info.plist;
				LD_RUNPATH_SEARCH_PATHS = "$(inherited) @executable_path/Frameworks";
				PRODUCT_BUNDLE_IDENTIFIER = toastTest;
				PRODUCT_NAME = "$(TARGET_NAME)";
				PROVISIONING_PROFILE_SPECIFIER = "";
				SWIFT_VERSION = 4.0;
				TARGETED_DEVICE_FAMILY = "1,2";
			};
			name = Release;
		};
/* End XCBuildConfiguration section */

/* Begin XCConfigurationList section */
		FA95F2F61FC7B49100EB76FB /* Build configuration list for PBXProject "toastTest" */ = {
			isa = XCConfigurationList;
			buildConfigurations = (
				FA95F30B1FC7B49100EB76FB /* Debug */,
				FA95F30C1FC7B49100EB76FB /* Release */,
			);
			defaultConfigurationIsVisible = 0;
			defaultConfigurationName = Release;
		};
		FA95F30D1FC7B49100EB76FB /* Build configuration list for PBXNativeTarget "toastTest" */ = {
			isa = XCConfigurationList;
			buildConfigurations = (
				FA95F30E1FC7B49100EB76FB /* Debug */,
				FA95F30F1FC7B49100EB76FB /* Release */,
			);
			defaultConfigurationIsVisible = 0;
			defaultConfigurationName = Release;
		};
/* End XCConfigurationList section */
	};
	rootObject = FA95F2F31FC7B49100EB76FB /* Project object */;
}
